
Microsoft Visual Studio Solution File, Format Version 12.00
# Visual Studio 14
VisualStudioVersion = 14.0.23107.0
MinimumVisualStudioVersion = 10.0.40219.1
Project("{FAE04EC0-301F-11D3-BF4B-00C04F79EFBC}") = "NuFetch", "NuFetch\NuFetch.csproj", "{273682A7-8792-4DC3-A1FE-F6271530BA6F}"
EndProject
Project("{FAE04EC0-301F-11D3-BF4B-00C04F79EFBC}") = "NuFetch.Tests", "NuFetch.Tests\NuFetch.Tests.csproj", "{680A0E57-7ECF-49E4-AB03-A6CA3CEFFC0F}"
EndProject
Project("{FAE04EC0-301F-11D3-BF4B-00C04F79EFBC}") = "NuFetchLib", "NuFetchLib\NuFetchLib.csproj", "{9E124756-4E31-40F6-BB6D-820E8096C964}"
EndProject
Project("{2150E333-8FDC-42A3-9474-1A3956D46DE8}") = "SolutionItems", "SolutionItems", "{E26E192E-2659-41B9-AECA-92C61E259C0F}"
	ProjectSection(SolutionItems) = preProject
		SolutionItems\AssemblyInfo.cs = SolutionItems\AssemblyInfo.cs
	EndProjectSection
EndProject
Global
	GlobalSection(SolutionConfigurationPlatforms) = preSolution
		Debug|Any CPU = Debug|Any CPU
		Release|Any CPU = Release|Any CPU
	EndGlobalSection
	GlobalSection(ProjectConfigurationPlatforms) = postSolution
		{273682A7-8792-4DC3-A1FE-F6271530BA6F}.Debug|Any CPU.ActiveCfg = Debug|Any CPU
		{273682A7-8792-4DC3-A1FE-F6271530BA6F}.Debug|Any CPU.Build.0 = Debug|Any CPU
		{273682A7-8792-4DC3-A1FE-F6271530BA6F}.Release|Any CPU.ActiveCfg = Release|Any CPU
		{273682A7-8792-4DC3-A1FE-F6271530BA6F}.Release|Any CPU.Build.0 = Release|Any CPU
		{680A0E57-7ECF-49E4-AB03-A6CA3CEFFC0F}.Debug|Any CPU.ActiveCfg = Debug|Any CPU
		{680A0E57-7ECF-49E4-AB03-A6CA3CEFFC0F}.Debug|Any CPU.Build.0 = Debug|Any CPU
		{680A0E57-7ECF-49E4-AB03-A6CA3CEFFC0F}.Release|Any CPU.ActiveCfg = Release|Any CPU
		{680A0E57-7ECF-49E4-AB03-A6CA3CEFFC0F}.Release|Any CPU.Build.0 = Release|Any CPU
		{9E124756-4E31-40F6-BB6D-820E8096C964}.Debug|Any CPU.ActiveCfg = Debug|Any CPU
		{9E124756-4E31-40F6-BB6D-820E8096C964}.Debug|Any CPU.Build.0 = Debug|Any CPU
		{9E124756-4E31-40F6-BB6D-820E8096C964}.Release|Any CPU.ActiveCfg = Release|Any CPU
		{9E124756-4E31-40F6-BB6D-820E8096C964}.Release|Any CPU.Build.0 = Release|Any CPU
	EndGlobalSection
	GlobalSection(SolutionProperties) = preSolution
		HideSolutionNode = FALSE
	EndGlobalSection
EndGlobal
